
Microsoft Visual Studio Solution File, Format Version 12.00
# Visual Studio Version 17
VisualStudioVersion = 17.1.32421.90
MinimumVisualStudioVersion = 10.0.40219.1
Project("{FAE04EC0-301F-11D3-BF4B-00C04F79EFBC}") = "EjemploObserver", "EjemploObserver\EjemploObserver.csproj", "{83DB34FD-9E57-49D8-9973-3057D630F5C3}"
EndProject
Global
	GlobalSection(SolutionConfigurationPlatforms) = preSolution
		Debug|Any CPU = Debug|Any CPU
		Release|Any CPU = Release|Any CPU
	EndGlobalSection
	GlobalSection(ProjectConfigurationPlatforms) = postSolution
		{83DB34FD-9E57-49D8-9973-3057D630F5C3}.Debug|Any CPU.ActiveCfg = Debug|Any CPU
		{83DB34FD-9E57-49D8-9973-3057D630F5C3}.Debug|Any CPU.Build.0 = Debug|Any CPU
		{83DB34FD-9E57-49D8-9973-3057D630F5C3}.Release|Any CPU.ActiveCfg = Release|Any CPU
		{83DB34FD-9E57-49D8-9973-3057D630F5C3}.Release|Any CPU.Build.0 = Release|Any CPU
	EndGlobalSection
	GlobalSection(SolutionProperties) = preSolution
		HideSolutionNode = FALSE
	EndGlobalSection
	GlobalSection(ExtensibilityGlobals) = postSolution
		SolutionGuid = {6430BDE4-30B9-4B7B-9027-BF111200D0E6}
	EndGlobalSection
EndGlobal
